
Microsoft Visual Studio Solution File, Format Version 12.00
# Visual Studio Version 16
VisualStudioVersion = 16.0.30907.101
MinimumVisualStudioVersion = 10.0.40219.1
Project("{F2A71F9B-5D33-465A-A702-920D77279786}") = "ConsoleApp1", "ConsoleApp1\ConsoleApp1.fsproj", "{46E6F2D5-9031-4CD6-AA70-D13EAC629A17}"
EndProject
Global
	GlobalSection(SolutionConfigurationPlatforms) = preSolution
		Debug|Any CPU = Debug|Any CPU
		Release|Any CPU = Release|Any CPU
	EndGlobalSection
	GlobalSection(ProjectConfigurationPlatforms) = postSolution
		{46E6F2D5-9031-4CD6-AA70-D13EAC629A17}.Debug|Any CPU.ActiveCfg = Debug|Any CPU
		{46E6F2D5-9031-4CD6-AA70-D13EAC629A17}.Debug|Any CPU.Build.0 = Debug|Any CPU
		{46E6F2D5-9031-4CD6-AA70-D13EAC629A17}.Release|Any CPU.ActiveCfg = Release|Any CPU
		{46E6F2D5-9031-4CD6-AA70-D13EAC629A17}.Release|Any CPU.Build.0 = Release|Any CPU
	EndGlobalSection
	GlobalSection(SolutionProperties) = preSolution
		HideSolutionNode = FALSE
	EndGlobalSection
	GlobalSection(ExtensibilityGlobals) = postSolution
		SolutionGuid = {26DBFBE8-834E-4D57-8CAD-CA9EE93AF940}
	EndGlobalSection
EndGlobal
