
Microsoft Visual Studio Solution File, Format Version 12.00
# Visual Studio 15
VisualStudioVersion = 15.0.27428.2015
MinimumVisualStudioVersion = 10.0.40219.1
Project("{2150E333-8FDC-42A3-9474-1A3956D46DE8}") = "BLL", "BLL", "{23308525-1446-4FB0-BB63-337D7D4D91A4}"
EndProject
Project("{2150E333-8FDC-42A3-9474-1A3956D46DE8}") = "Common", "Common", "{14257F67-985E-400F-9EAB-7EE5B2BA1161}"
EndProject
Project("{2150E333-8FDC-42A3-9474-1A3956D46DE8}") = "DAL", "DAL", "{C0D910B5-C442-44CF-A646-67EDA2359D16}"
EndProject
Project("{2150E333-8FDC-42A3-9474-1A3956D46DE8}") = "PL", "PL", "{AB6CDB65-9799-4046-9E72-8ABB4E52A5E0}"
EndProject
Project("{FAE04EC0-301F-11D3-BF4B-00C04F79EFBC}") = "Note.Model", "Note.Model\Note.Model.csproj", "{8CC70CD3-1F13-4864-B7C3-A6C7CAA50F6D}"
EndProject
Project("{FAE04EC0-301F-11D3-BF4B-00C04F79EFBC}") = "Note.IDAL", "Note.IDAL\Note.IDAL.csproj", "{3D8F8810-84FF-4300-93F9-CC41A1E69B16}"
EndProject
Project("{FAE04EC0-301F-11D3-BF4B-00C04F79EFBC}") = "Note.DAL", "Note.DAL\Note.DAL.csproj", "{B742A820-86EB-4E1A-816A-929D59B8A07B}"
EndProject
Project("{FAE04EC0-301F-11D3-BF4B-00C04F79EFBC}") = "Note.BLL", "Note.BLL\Note.BLL.csproj", "{E79AF267-00F2-424E-9127-4CADB5C906D8}"
EndProject
Project("{FAE04EC0-301F-11D3-BF4B-00C04F79EFBC}") = "Note.MVC6", "Note.MVC6\Note.MVC6.csproj", "{01DC9BFB-689E-441E-B29C-F3CFFA53B2FE}"
EndProject
Global
	GlobalSection(SolutionConfigurationPlatforms) = preSolution
		Debug|Any CPU = Debug|Any CPU
		Release|Any CPU = Release|Any CPU
	EndGlobalSection
	GlobalSection(ProjectConfigurationPlatforms) = postSolution
		{8CC70CD3-1F13-4864-B7C3-A6C7CAA50F6D}.Debug|Any CPU.ActiveCfg = Debug|Any CPU
		{8CC70CD3-1F13-4864-B7C3-A6C7CAA50F6D}.Debug|Any CPU.Build.0 = Debug|Any CPU
		{8CC70CD3-1F13-4864-B7C3-A6C7CAA50F6D}.Release|Any CPU.ActiveCfg = Release|Any CPU
		{8CC70CD3-1F13-4864-B7C3-A6C7CAA50F6D}.Release|Any CPU.Build.0 = Release|Any CPU
		{3D8F8810-84FF-4300-93F9-CC41A1E69B16}.Debug|Any CPU.ActiveCfg = Debug|Any CPU
		{3D8F8810-84FF-4300-93F9-CC41A1E69B16}.Debug|Any CPU.Build.0 = Debug|Any CPU
		{3D8F8810-84FF-4300-93F9-CC41A1E69B16}.Release|Any CPU.ActiveCfg = Release|Any CPU
		{3D8F8810-84FF-4300-93F9-CC41A1E69B16}.Release|Any CPU.Build.0 = Release|Any CPU
		{B742A820-86EB-4E1A-816A-929D59B8A07B}.Debug|Any CPU.ActiveCfg = Debug|Any CPU
		{B742A820-86EB-4E1A-816A-929D59B8A07B}.Debug|Any CPU.Build.0 = Debug|Any CPU
		{B742A820-86EB-4E1A-816A-929D59B8A07B}.Release|Any CPU.ActiveCfg = Release|Any CPU
		{B742A820-86EB-4E1A-816A-929D59B8A07B}.Release|Any CPU.Build.0 = Release|Any CPU
		{E79AF267-00F2-424E-9127-4CADB5C906D8}.Debug|Any CPU.ActiveCfg = Debug|Any CPU
		{E79AF267-00F2-424E-9127-4CADB5C906D8}.Debug|Any CPU.Build.0 = Debug|Any CPU
		{E79AF267-00F2-424E-9127-4CADB5C906D8}.Release|Any CPU.ActiveCfg = Release|Any CPU
		{E79AF267-00F2-424E-9127-4CADB5C906D8}.Release|Any CPU.Build.0 = Release|Any CPU
		{01DC9BFB-689E-441E-B29C-F3CFFA53B2FE}.Debug|Any CPU.ActiveCfg = Debug|Any CPU
		{01DC9BFB-689E-441E-B29C-F3CFFA53B2FE}.Debug|Any CPU.Build.0 = Debug|Any CPU
		{01DC9BFB-689E-441E-B29C-F3CFFA53B2FE}.Release|Any CPU.ActiveCfg = Release|Any CPU
		{01DC9BFB-689E-441E-B29C-F3CFFA53B2FE}.Release|Any CPU.Build.0 = Release|Any CPU
	EndGlobalSection
	GlobalSection(SolutionProperties) = preSolution
		HideSolutionNode = FALSE
	EndGlobalSection
	GlobalSection(NestedProjects) = preSolution
		{8CC70CD3-1F13-4864-B7C3-A6C7CAA50F6D} = {14257F67-985E-400F-9EAB-7EE5B2BA1161}
		{3D8F8810-84FF-4300-93F9-CC41A1E69B16} = {C0D910B5-C442-44CF-A646-67EDA2359D16}
		{B742A820-86EB-4E1A-816A-929D59B8A07B} = {C0D910B5-C442-44CF-A646-67EDA2359D16}
		{E79AF267-00F2-424E-9127-4CADB5C906D8} = {23308525-1446-4FB0-BB63-337D7D4D91A4}
		{01DC9BFB-689E-441E-B29C-F3CFFA53B2FE} = {AB6CDB65-9799-4046-9E72-8ABB4E52A5E0}
	EndGlobalSection
	GlobalSection(ExtensibilityGlobals) = postSolution
		SolutionGuid = {70EB2A95-FA93-4DE6-A835-C0AC2D6DAA97}
	EndGlobalSection
EndGlobal
