
Microsoft Visual Studio Solution File, Format Version 12.00
# Visual Studio 15
VisualStudioVersion = 15.0.27428.2015
MinimumVisualStudioVersion = 10.0.40219.1
Project("{FAE04EC0-301F-11D3-BF4B-00C04F79EFBC}") = "WebApplication2", "WebApplication2\WebApplication2.csproj", "{737DF7A3-ADCF-4912-ABDC-D0877C86AFEA}"
EndProject
Global
	GlobalSection(SolutionConfigurationPlatforms) = preSolution
		Debug|Any CPU = Debug|Any CPU
		Release|Any CPU = Release|Any CPU
	EndGlobalSection
	GlobalSection(ProjectConfigurationPlatforms) = postSolution
		{737DF7A3-ADCF-4912-ABDC-D0877C86AFEA}.Debug|Any CPU.ActiveCfg = Debug|Any CPU
		{737DF7A3-ADCF-4912-ABDC-D0877C86AFEA}.Debug|Any CPU.Build.0 = Debug|Any CPU
		{737DF7A3-ADCF-4912-ABDC-D0877C86AFEA}.Release|Any CPU.ActiveCfg = Release|Any CPU
		{737DF7A3-ADCF-4912-ABDC-D0877C86AFEA}.Release|Any CPU.Build.0 = Release|Any CPU
	EndGlobalSection
	GlobalSection(SolutionProperties) = preSolution
		HideSolutionNode = FALSE
	EndGlobalSection
	GlobalSection(ExtensibilityGlobals) = postSolution
		SolutionGuid = {DDDEA7F0-AEE9-4FE3-9E42-32CE2C7BDD42}
	EndGlobalSection
EndGlobal
